
Microsoft Visual Studio Solution File, Format Version 12.00
# Visual Studio Version 17
VisualStudioVersion = 17.8.34330.188
MinimumVisualStudioVersion = 10.0.40219.1
Project("{FAE04EC0-301F-11D3-BF4B-00C04F79EFBC}") = "TaskManagement", "TaskManagement\TaskManagement.csproj", "{7137ADCF-D700-4C56-A0F4-5FC80AF3C5AD}"
EndProject
Global
	GlobalSection(SolutionConfigurationPlatforms) = preSolution
		Debug|Any CPU = Debug|Any CPU
		Release|Any CPU = Release|Any CPU
	EndGlobalSection
	GlobalSection(ProjectConfigurationPlatforms) = postSolution
		{7137ADCF-D700-4C56-A0F4-5FC80AF3C5AD}.Debug|Any CPU.ActiveCfg = Debug|Any CPU
		{7137ADCF-D700-4C56-A0F4-5FC80AF3C5AD}.Debug|Any CPU.Build.0 = Debug|Any CPU
		{7137ADCF-D700-4C56-A0F4-5FC80AF3C5AD}.Release|Any CPU.ActiveCfg = Release|Any CPU
		{7137ADCF-D700-4C56-A0F4-5FC80AF3C5AD}.Release|Any CPU.Build.0 = Release|Any CPU
	EndGlobalSection
	GlobalSection(SolutionProperties) = preSolution
		HideSolutionNode = FALSE
	EndGlobalSection
	GlobalSection(ExtensibilityGlobals) = postSolution
		SolutionGuid = {BAD4DB49-7D10-4418-BBB3-0CA4FE5D8E2A}
	EndGlobalSection
EndGlobal
